
Microsoft Visual Studio Solution File, Format Version 12.00
# Visual Studio Version 17
VisualStudioVersion = 17.2.32616.157
MinimumVisualStudioVersion = 10.0.40219.1
Project("{FAE04EC0-301F-11D3-BF4B-00C04F79EFBC}") = "VozniRedVlakova", "VozniRedVlakova.csproj", "{80DA8827-DA05-4FFA-A84F-6CAF7C273867}"
EndProject
Global
	GlobalSection(SolutionConfigurationPlatforms) = preSolution
		Debug|Any CPU = Debug|Any CPU
		Release|Any CPU = Release|Any CPU
	EndGlobalSection
	GlobalSection(ProjectConfigurationPlatforms) = postSolution
		{80DA8827-DA05-4FFA-A84F-6CAF7C273867}.Debug|Any CPU.ActiveCfg = Debug|Any CPU
		{80DA8827-DA05-4FFA-A84F-6CAF7C273867}.Debug|Any CPU.Build.0 = Debug|Any CPU
		{80DA8827-DA05-4FFA-A84F-6CAF7C273867}.Release|Any CPU.ActiveCfg = Release|Any CPU
		{80DA8827-DA05-4FFA-A84F-6CAF7C273867}.Release|Any CPU.Build.0 = Release|Any CPU
	EndGlobalSection
	GlobalSection(SolutionProperties) = preSolution
		HideSolutionNode = FALSE
	EndGlobalSection
	GlobalSection(ExtensibilityGlobals) = postSolution
		SolutionGuid = {5F55042B-8A88-41B0-A586-B39BCBFAB705}
	EndGlobalSection
EndGlobal
